// !$*UTF8*$!
{
	archiveVersion = 1;
	classes = {
	};
	objectVersion = 77;
	objects = {

/* Begin PBXBuildFile section */
		E6AA3A062FB57FB70081595F /* ServicesSampleData in Frameworks */ = {isa = PBXBuildFile; productRef = E6AA3A052FB57FB70081595F /* ServicesSampleData */; };
/* End PBXBuildFile section */

/* Begin PBXContainerItemProxy section */
		E6AA39E82FB57F7F0081595F /* PBXContainerItemProxy */ = {
			isa = PBXContainerItemProxy;
			containerPortal = E6AA39D22FB57F7E0081595F /* Project object */;
			proxyType = 1;
			remoteGlobalIDString = E6AA39D92FB57F7E0081595F;
			remoteInfo = Zuoer_Task;
		};
		E6AA39F22FB57F7F0081595F /* PBXContainerItemProxy */ = {
			isa = PBXContainerItemProxy;
			containerPortal = E6AA39D22FB57F7E0081595F /* Project object */;
			proxyType = 1;
			remoteGlobalIDString = E6AA39D92FB57F7E0081595F;
			remoteInfo = Zuoer_Task;
		};
/* End PBXContainerItemProxy section */

/* Begin PBXFileReference section */
		E6AA39DA2FB57F7E0081595F /* Zuoer_Task.app */ = {isa = PBXFileReference; explicitFileType = wrapper.application; includeInIndex = 0; path = Zuoer_Task.app; sourceTree = BUILT_PRODUCTS_DIR; };
		E6AA39E72FB57F7F0081595F /* Zuoer_TaskTests.xctest */ = {isa = PBXFileReference; explicitFileType = wrapper.cfbundle; includeInIndex = 0; path = Zuoer_TaskTests.xctest; sourceTree = BUILT_PRODUCTS_DIR; };
		E6AA39F12FB57F7F0081595F /* Zuoer_TaskUITests.xctest */ = {isa = PBXFileReference; explicitFileType = wrapper.cfbundle; includeInIndex = 0; path = Zuoer_TaskUITests.xctest; sourceTree = BUILT_PRODUCTS_DIR; };
/* End PBXFileReference section */

/* Begin PBXFileSystemSynchronizedRootGroup section */
		E6AA39DC2FB57F7E0081595F /* Zuoer_Task */ = {
			isa = PBXFileSystemSynchronizedRootGroup;
			path = Zuoer_Task;
			sourceTree = "<group>";
		};
		E6AA39EA2FB57F7F0081595F /* Zuoer_TaskTests */ = {
			isa = PBXFileSystemSynchronizedRootGroup;
			path = Zuoer_TaskTests;
			sourceTree = "<group>";
		};
		E6AA39F42FB57F7F0081595F /* Zuoer_TaskUITests */ = {
			isa = PBXFileSystemSynchronizedRootGroup;
			path = Zuoer_TaskUITests;
			sourceTree = "<group>";
		};
/* End PBXFileSystemSynchronizedRootGroup section */

/* Begin PBXFrameworksBuildPhase section */
		E6AA39D72FB57F7E0081595F /* Frameworks */ = {
			isa = PBXFrameworksBuildPhase;
			buildActionMask = 2147483647;
			files = (
				E6AA3A062FB57FB70081595F /* ServicesSampleData in Frameworks */,
			);
			runOnlyForDeploymentPostprocessing = 0;
		};
		E6AA39E42FB57F7F0081595F /* Frameworks */ = {
			isa = PBXFrameworksBuildPhase;
			buildActionMask = 2147483647;
			files = (
			);
			runOnlyForDeploymentPostprocessing = 0;
		};
		E6AA39EE2FB57F7F0081595F /* Frameworks */ = {
			isa = PBXFrameworksBuildPhase;
			buildActionMask = 2147483647;
			files = (
			);
			runOnlyForDeploymentPostprocessing = 0;
		};
/* End PBXFrameworksBuildPhase section */

/* Begin PBXGroup section */
		E6AA39D12FB57F7E0081595F = {
			isa = PBXGroup;
			children = (
				E6AA39DC2FB57F7E0081595F /* Zuoer_Task */,
				E6AA39EA2FB57F7F0081595F /* Zuoer_TaskTests */,
				E6AA39F42FB57F7F0081595F /* Zuoer_TaskUITests */,
				E6AA39DB2FB57F7E0081595F /* Products */,
			);
			sourceTree = "<group>";
		};
		E6AA39DB2FB57F7E0081595F /* Products */ = {
			isa = PBXGroup;
			children = (
				E6AA39DA2FB57F7E0081595F /* Zuoer_Task.app */,
				E6AA39E72FB57F7F0081595F /* Zuoer_TaskTests.xctest */,
				E6AA39F12FB57F7F0081595F /* Zuoer_TaskUITests.xctest */,
			);
			name = Products;
			sourceTree = "<group>";
		};
/* End PBXGroup section */

/* Begin PBXNativeTarget section */
		E6AA39D92FB57F7E0081595F /* Zuoer_Task */ = {
			isa = PBXNativeTarget;
			buildConfigurationList = E6AA39FB2FB57F7F0081595F /* Build configuration list for PBXNativeTarget "Zuoer_Task" */;
			buildPhases = (
				E6AA39D62FB57F7E0081595F /* Sources */,
				E6AA39D72FB57F7E0081595F /* Frameworks */,
				E6AA39D82FB57F7E0081595F /* Resources */,
			);
			buildRules = (
			);
			dependencies = (
			);
			fileSystemSynchronizedGroups = (
				E6AA39DC2FB57F7E0081595F /* Zuoer_Task */,
			);
			name = Zuoer_Task;
			packageProductDependencies = (
				E6AA3A052FB57FB70081595F /* ServicesSampleData */,
			);
			productName = Zuoer_Task;
			productReference = E6AA39DA2FB57F7E0081595F /* Zuoer_Task.app */;
			productType = "com.apple.product-type.application";
		};
		E6AA39E62FB57F7F0081595F /* Zuoer_TaskTests */ = {
			isa = PBXNativeTarget;
			buildConfigurationList = E6AA39FE2FB57F7F0081595F /* Build configuration list for PBXNativeTarget "Zuoer_TaskTests" */;
			buildPhases = (
				E6AA39E32FB57F7F0081595F /* Sources */,
				E6AA39E42FB57F7F0081595F /* Frameworks */,
				E6AA39E52FB57F7F0081595F /* Resources */,
			);
			buildRules = (
			);
			dependencies = (
				E6AA39E92FB57F7F0081595F /* PBXTargetDependency */,
			);
			fileSystemSynchronizedGroups = (
				E6AA39EA2FB57F7F0081595F /* Zuoer_TaskTests */,
			);
			name = Zuoer_TaskTests;
			packageProductDependencies = (
			);
			productName = Zuoer_TaskTests;
			productReference = E6AA39E72FB57F7F0081595F /* Zuoer_TaskTests.xctest */;
			productType = "com.apple.product-type.bundle.unit-test";
		};
		E6AA39F02FB57F7F0081595F /* Zuoer_TaskUITests */ = {
			isa = PBXNativeTarget;
			buildConfigurationList = E6AA3A012FB57F7F0081595F /* Build configuration list for PBXNativeTarget "Zuoer_TaskUITests" */;
			buildPhases = (
				E6AA39ED2FB57F7F0081595F /* Sources */,
				E6AA39EE2FB57F7F0081595F /* Frameworks */,
				E6AA39EF2FB57F7F0081595F /* Resources */,
			);
			buildRules = (
			);
			dependencies = (
				E6AA39F32FB57F7F0081595F /* PBXTargetDependency */,
			);
			fileSystemSynchronizedGroups = (
				E6AA39F42FB57F7F0081595F /* Zuoer_TaskUITests */,
			);
			name = Zuoer_TaskUITests;
			packageProductDependencies = (
			);
			productName = Zuoer_TaskUITests;
			productReference = E6AA39F12FB57F7F0081595F /* Zuoer_TaskUITests.xctest */;
			productType = "com.apple.product-type.bundle.ui-testing";
		};
/* End PBXNativeTarget section */

/* Begin PBXProject section */
		E6AA39D22FB57F7E0081595F /* Project object */ = {
			isa = PBXProject;
			attributes = {
				BuildIndependentTargetsInParallel = 1;
				LastSwiftUpdateCheck = 2650;
				LastUpgradeCheck = 2650;
				TargetAttributes = {
					E6AA39D92FB57F7E0081595F = {
						CreatedOnToolsVersion = 26.5;
					};
					E6AA39E62FB57F7F0081595F = {
						CreatedOnToolsVersion = 26.5;
						TestTargetID = E6AA39D92FB57F7E0081595F;
					};
					E6AA39F02FB57F7F0081595F = {
						CreatedOnToolsVersion = 26.5;
						TestTargetID = E6AA39D92FB57F7E0081595F;
					};
				};
			};
			buildConfigurationList = E6AA39D52FB57F7E0081595F /* Build configuration list for PBXProject "Zuper_Task" */;
			developmentRegion = en;
			hasScannedForEncodings = 0;
			knownRegions = (
				en,
				Base,
			);
			mainGroup = E6AA39D12FB57F7E0081595F;
			minimizedProjectReferenceProxies = 1;
			packageReferences = (
				E6AA3A042FB57FB70081595F /* XCRemoteSwiftPackageReference "ServicesSampleData" */,
			);
			preferredProjectObjectVersion = 77;
			productRefGroup = E6AA39DB2FB57F7E0081595F /* Products */;
			projectDirPath = "";
			projectRoot = "";
			targets = (
				E6AA39D92FB57F7E0081595F /* Zuoer_Task */,
				E6AA39E62FB57F7F0081595F /* Zuoer_TaskTests */,
				E6AA39F02FB57F7F0081595F /* Zuoer_TaskUITests */,
			);
		};
/* End PBXProject section */

/* Begin PBXResourcesBuildPhase section */
		E6AA39D82FB57F7E0081595F /* Resources */ = {
			isa = PBXResourcesBuildPhase;
			buildActionMask = 2147483647;
			files = (
			);
			runOnlyForDeploymentPostprocessing = 0;
		};
		E6AA39E52FB57F7F0081595F /* Resources */ = {
			isa = PBXResourcesBuildPhase;
			buildActionMask = 2147483647;
			files = (
			);
			runOnlyForDeploymentPostprocessing = 0;
		};
		E6AA39EF2FB57F7F0081595F /* Resources */ = {
			isa = PBXResourcesBuildPhase;
			buildActionMask = 2147483647;
			files = (
			);
			runOnlyForDeploymentPostprocessing = 0;
		};
/* End PBXResourcesBuildPhase section */

/* Begin PBXSourcesBuildPhase section */
		E6AA39D62FB57F7E0081595F /* Sources */ = {
			isa = PBXSourcesBuildPhase;
			buildActionMask = 2147483647;
			files = (
			);
			runOnlyForDeploymentPostprocessing = 0;
		};
		E6AA39E32FB57F7F0081595F /* Sources */ = {
			isa = PBXSourcesBuildPhase;
			buildActionMask = 2147483647;
			files = (
			);
			runOnlyForDeploymentPostprocessing = 0;
		};
		E6AA39ED2FB57F7F0081595F /* Sources */ = {
			isa = PBXSourcesBuildPhase;
			buildActionMask = 2147483647;
			files = (
			);
			runOnlyForDeploymentPostprocessing = 0;
		};
/* End PBXSourcesBuildPhase section */

/* Begin PBXTargetDependency section */
		E6AA39E92FB57F7F0081595F /* PBXTargetDependency */ = {
			isa = PBXTargetDependency;
			target = E6AA39D92FB57F7E0081595F /* Zuoer_Task */;
			targetProxy = E6AA39E82FB57F7F0081595F /* PBXContainerItemProxy */;
		};
		E6AA39F32FB57F7F0081595F /* PBXTargetDependency */ = {
			isa = PBXTargetDependency;
			target = E6AA39D92FB57F7E0081595F /* Zuoer_Task */;
			targetProxy = E6AA39F22FB57F7F0081595F /* PBXContainerItemProxy */;
		};
/* End PBXTargetDependency section */

/* Begin XCBuildConfiguration section */
		E6AA39F92FB57F7F0081595F /* Debug */ = {
			isa = XCBuildConfiguration;
			buildSettings = {
				ALWAYS_SEARCH_USER_PATHS = NO;
				ASSETCATALOG_COMPILER_GENERATE_SWIFT_ASSET_SYMBOL_EXTENSIONS = YES;
				CLANG_ANALYZER_NONNULL = YES;
				CLANG_ANALYZER_NUMBER_OBJECT_CONVERSION = YES_AGGRESSIVE;
				CLANG_CXX_LANGUAGE_STANDARD = "gnu++20";
				CLANG_ENABLE_MODULES = YES;
				CLANG_ENABLE_OBJC_ARC = YES;
				CLANG_ENABLE_OBJC_WEAK = YES;
				CLANG_WARN_BLOCK_CAPTURE_AUTORELEASING = YES;
				CLANG_WARN_BOOL_CONVERSION = YES;
				CLANG_WARN_COMMA = YES;
				CLANG_WARN_CONSTANT_CONVERSION = YES;
				CLANG_WARN_DEPRECATED_OBJC_IMPLEMENTATIONS = YES;
				CLANG_WARN_DIRECT_OBJC_ISA_USAGE = YES_ERROR;
				CLANG_WARN_DOCUMENTATION_COMMENTS = YES;
				CLANG_WARN_EMPTY_BODY = YES;
				CLANG_WARN_ENUM_CONVERSION = YES;
				CLANG_WARN_INFINITE_RECURSION = YES;
				CLANG_WARN_INT_CONVERSION = YES;
				CLANG_WARN_NON_LITERAL_NULL_CONVERSION = YES;
				CLANG_WARN_OBJC_IMPLICIT_RETAIN_SELF = YES;
				CLANG_WARN_OBJC_LITERAL_CONVERSION = YES;
				CLANG_WARN_OBJC_ROOT_CLASS = YES_ERROR;
				CLANG_WARN_QUOTED_INCLUDE_IN_FRAMEWORK_HEADER = YES;
				CLANG_WARN_RANGE_LOOP_ANALYSIS = YES;
				CLANG_WARN_STRICT_PROTOTYPES = YES;
				CLANG_WARN_SUSPICIOUS_MOVE = YES;
				CLANG_WARN_UNGUARDED_AVAILABILITY = YES_AGGRESSIVE;
				CLANG_WARN_UNREACHABLE_CODE = YES;
				CLANG_WARN__DUPLICATE_METHOD_MATCH = YES;
				COPY_PHASE_STRIP = NO;
				DEBUG_INFORMATION_FORMAT = dwarf;
				ENABLE_STRICT_OBJC_MSGSEND = YES;
				ENABLE_TESTABILITY = YES;
				ENABLE_USER_SCRIPT_SANDBOXING = YES;
				GCC_C_LANGUAGE_STANDARD = gnu17;
				GCC_DYNAMIC_NO_PIC = NO;
				GCC_NO_COMMON_BLOCKS = YES;
				GCC_OPTIMIZATION_LEVEL = 0;
				GCC_PREPROCESSOR_DEFINITIONS = (
					"DEBUG=1",
					"$(inherited)",
				);
				GCC_WARN_64_TO_32_BIT_CONVERSION = YES;
				GCC_WARN_ABOUT_RETURN_TYPE = YES_ERROR;
				GCC_WARN_UNDECLARED_SELECTOR = YES;
				GCC_WARN_UNINITIALIZED_AUTOS = YES_AGGRESSIVE;
				GCC_WARN_UNUSED_FUNCTION = YES;
				GCC_WARN_UNUSED_VARIABLE = YES;
				IPHONEOS_DEPLOYMENT_TARGET = 26.5;
				LOCALIZATION_PREFERS_STRING_CATALOGS = YES;
				MTL_ENABLE_DEBUG_INFO = INCLUDE_SOURCE;
				MTL_FAST_MATH = YES;
				ONLY_ACTIVE_ARCH = YES;
				SDKROOT = iphoneos;
				SWIFT_ACTIVE_COMPILATION_CONDITIONS = "DEBUG $(inherited)";
				SWIFT_OPTIMIZATION_LEVEL = "-Onone";
			};
			name = Debug;
		};
		E6AA39FA2FB57F7F0081595F /* Release */ = {
			isa = XCBuildConfiguration;
			buildSettings = {
				ALWAYS_SEARCH_USER_PATHS = NO;
				ASSETCATALOG_COMPILER_GENERATE_SWIFT_ASSET_SYMBOL_EXTENSIONS = YES;
				CLANG_ANALYZER_NONNULL = YES;
				CLANG_ANALYZER_NUMBER_OBJECT_CONVERSION = YES_AGGRESSIVE;
				CLANG_CXX_LANGUAGE_STANDARD = "gnu++20";
				CLANG_ENABLE_MODULES = YES;
				CLANG_ENABLE_OBJC_ARC = YES;
				CLANG_ENABLE_OBJC_WEAK = YES;
				CLANG_WARN_BLOCK_CAPTURE_AUTORELEASING = YES;
				CLANG_WARN_BOOL_CONVERSION = YES;
				CLANG_WARN_COMMA = YES;
				CLANG_WARN_CONSTANT_CONVERSION = YES;
				CLANG_WARN_DEPRECATED_OBJC_IMPLEMENTATIONS = YES;
				CLANG_WARN_DIRECT_OBJC_ISA_USAGE = YES_ERROR;
				CLANG_WARN_DOCUMENTATION_COMMENTS = YES;
				CLANG_WARN_EMPTY_BODY = YES;
				CLANG_WARN_ENUM_CONVERSION = YES;
				CLANG_WARN_INFINITE_RECURSION = YES;
				CLANG_WARN_INT_CONVERSION = YES;
				CLANG_WARN_NON_LITERAL_NULL_CONVERSION = YES;
				CLANG_WARN_OBJC_IMPLICIT_RETAIN_SELF = YES;
				CLANG_WARN_OBJC_LITERAL_CONVERSION = YES;
				CLANG_WARN_OBJC_ROOT_CLASS = YES_ERROR;
				CLANG_WARN_QUOTED_INCLUDE_IN_FRAMEWORK_HEADER = YES;
				CLANG_WARN_RANGE_LOOP_ANALYSIS = YES;
				CLANG_WARN_STRICT_PROTOTYPES = YES;
				CLANG_WARN_SUSPICIOUS_MOVE = YES;
				CLANG_WARN_UNGUARDED_AVAILABILITY = YES_AGGRESSIVE;
				CLANG_WARN_UNREACHABLE_CODE = YES;
				CLANG_WARN__DUPLICATE_METHOD_MATCH = YES;
				COPY_PHASE_STRIP = NO;
				DEBUG_INFORMATION_FORMAT = "dwarf-with-dsym";
				ENABLE_NS_ASSERTIONS = NO;
				ENABLE_STRICT_OBJC_MSGSEND = YES;
				ENABLE_USER_SCRIPT_SANDBOXING = YES;
				GCC_C_LANGUAGE_STANDARD = gnu17;
				GCC_NO_COMMON_BLOCKS = YES;
				GCC_WARN_64_TO_32_BIT_CONVERSION = YES;
				GCC_WARN_ABOUT_RETURN_TYPE = YES_ERROR;
				GCC_WARN_UNDECLARED_SELECTOR = YES;
				GCC_WARN_UNINITIALIZED_AUTOS = YES_AGGRESSIVE;
				GCC_WARN_UNUSED_FUNCTION = YES;
				GCC_WARN_UNUSED_VARIABLE = YES;
				IPHONEOS_DEPLOYMENT_TARGET = 26.5;
				LOCALIZATION_PREFERS_STRING_CATALOGS = YES;
				MTL_ENABLE_DEBUG_INFO = NO;
				MTL_FAST_MATH = YES;
				SDKROOT = iphoneos;
				SWIFT_COMPILATION_MODE = wholemodule;
				VALIDATE_PRODUCT = YES;
			};
			name = Release;
		};
		E6AA39FC2FB57F7F0081595F /* Debug */ = {
			isa = XCBuildConfiguration;
			buildSettings = {
				ASSETCATALOG_COMPILER_APPICON_NAME = AppIcon;
				ASSETCATALOG_COMPILER_GLOBAL_ACCENT_COLOR_NAME = AccentColor;
				CODE_SIGN_STYLE = Automatic;
				CURRENT_PROJECT_VERSION = 1;
				ENABLE_PREVIEWS = YES;
				GENERATE_INFOPLIST_FILE = YES;
				INFOPLIST_KEY_NSMicrophoneUsageDescription = "Used to search services by voice";
				INFOPLIST_KEY_NSSpeechRecognitionUsageDescription = "Used to search services by voice";
				INFOPLIST_KEY_UIApplicationSceneManifest_Generation = YES;
				INFOPLIST_KEY_UIApplicationSupportsIndirectInputEvents = YES;
				INFOPLIST_KEY_UILaunchScreen_Generation = YES;
				INFOPLIST_KEY_UISupportedInterfaceOrientations_iPad = "UIInterfaceOrientationPortrait UIInterfaceOrientationPortraitUpsideDown UIInterfaceOrientationLandscapeLeft UIInterfaceOrientationLandscapeRight";
				INFOPLIST_KEY_UISupportedInterfaceOrientations_iPhone = "UIInterfaceOrientationPortrait UIInterfaceOrientationLandscapeLeft UIInterfaceOrientationLandscapeRight";
				IPHONEOS_DEPLOYMENT_TARGET = 16.6;
				LD_RUNPATH_SEARCH_PATHS = (
					"$(inherited)",
					"@executable_path/Frameworks",
				);
				MARKETING_VERSION = 1.0;
				PRODUCT_BUNDLE_IDENTIFIER = "com.Zuoer-Task";
				PRODUCT_NAME = "$(TARGET_NAME)";
				STRING_CATALOG_GENERATE_SYMBOLS = YES;
				SWIFT_APPROACHABLE_CONCURRENCY = YES;
				SWIFT_DEFAULT_ACTOR_ISOLATION = MainActor;
				SWIFT_EMIT_LOC_STRINGS = YES;
				SWIFT_UPCOMING_FEATURE_MEMBER_IMPORT_VISIBILITY = YES;
				SWIFT_VERSION = 5.0;
				TARGETED_DEVICE_FAMILY = "1,2";
			};
			name = Debug;
		};
		E6AA39FD2FB57F7F0081595F /* Release */ = {
			isa = XCBuildConfiguration;
			buildSettings = {
				ASSETCATALOG_COMPILER_APPICON_NAME = AppIcon;
				ASSETCATALOG_COMPILER_GLOBAL_ACCENT_COLOR_NAME = AccentColor;
				CODE_SIGN_STYLE = Automatic;
				CURRENT_PROJECT_VERSION = 1;
				ENABLE_PREVIEWS = YES;
				GENERATE_INFOPLIST_FILE = YES;
				INFOPLIST_KEY_NSMicrophoneUsageDescription = "Used to search services by voice";
				INFOPLIST_KEY_NSSpeechRecognitionUsageDescription = "Used to search services by voice";
				INFOPLIST_KEY_UIApplicationSceneManifest_Generation = YES;
				INFOPLIST_KEY_UIApplicationSupportsIndirectInputEvents = YES;
				INFOPLIST_KEY_UILaunchScreen_Generation = YES;
				INFOPLIST_KEY_UISupportedInterfaceOrientations_iPad = "UIInterfaceOrientationPortrait UIInterfaceOrientationPortraitUpsideDown UIInterfaceOrientationLandscapeLeft UIInterfaceOrientationLandscapeRight";
				INFOPLIST_KEY_UISupportedInterfaceOrientations_iPhone = "UIInterfaceOrientationPortrait UIInterfaceOrientationLandscapeLeft UIInterfaceOrientationLandscapeRight";
				IPHONEOS_DEPLOYMENT_TARGET = 16.6;
				LD_RUNPATH_SEARCH_PATHS = (
					"$(inherited)",
					"@executable_path/Frameworks",
				);
				MARKETING_VERSION = 1.0;
				PRODUCT_BUNDLE_IDENTIFIER = "com.Zuoer-Task";
				PRODUCT_NAME = "$(TARGET_NAME)";
				STRING_CATALOG_GENERATE_SYMBOLS = YES;
				SWIFT_APPROACHABLE_CONCURRENCY = YES;
				SWIFT_DEFAULT_ACTOR_ISOLATION = MainActor;
				SWIFT_EMIT_LOC_STRINGS = YES;
				SWIFT_UPCOMING_FEATURE_MEMBER_IMPORT_VISIBILITY = YES;
				SWIFT_VERSION = 5.0;
				TARGETED_DEVICE_FAMILY = "1,2";
			};
			name = Release;
		};
		E6AA39FF2FB57F7F0081595F /* Debug */ = {
			isa = XCBuildConfiguration;
			buildSettings = {
				BUNDLE_LOADER = "$(TEST_HOST)";
				CODE_SIGN_STYLE = Automatic;
				CURRENT_PROJECT_VERSION = 1;
				GENERATE_INFOPLIST_FILE = YES;
				IPHONEOS_DEPLOYMENT_TARGET = 26.5;
				MARKETING_VERSION = 1.0;
				PRODUCT_BUNDLE_IDENTIFIER = "com.Zuoer-TaskTests";
				PRODUCT_NAME = "$(TARGET_NAME)";
				STRING_CATALOG_GENERATE_SYMBOLS = NO;
				SWIFT_APPROACHABLE_CONCURRENCY = YES;
				SWIFT_EMIT_LOC_STRINGS = NO;
				SWIFT_UPCOMING_FEATURE_MEMBER_IMPORT_VISIBILITY = YES;
				SWIFT_VERSION = 5.0;
				TARGETED_DEVICE_FAMILY = "1,2";
				TEST_HOST = "$(BUILT_PRODUCTS_DIR)/Zuoer_Task.app/$(BUNDLE_EXECUTABLE_FOLDER_PATH)/Zuoer_Task";
			};
			name = Debug;
		};
		E6AA3A002FB57F7F0081595F /* Release */ = {
			isa = XCBuildConfiguration;
			buildSettings = {
				BUNDLE_LOADER = "$(TEST_HOST)";
				CODE_SIGN_STYLE = Automatic;
				CURRENT_PROJECT_VERSION = 1;
				GENERATE_INFOPLIST_FILE = YES;
				IPHONEOS_DEPLOYMENT_TARGET = 26.5;
				MARKETING_VERSION = 1.0;
				PRODUCT_BUNDLE_IDENTIFIER = "com.Zuoer-TaskTests";
				PRODUCT_NAME = "$(TARGET_NAME)";
				STRING_CATALOG_GENERATE_SYMBOLS = NO;
				SWIFT_APPROACHABLE_CONCURRENCY = YES;
				SWIFT_EMIT_LOC_STRINGS = NO;
				SWIFT_UPCOMING_FEATURE_MEMBER_IMPORT_VISIBILITY = YES;
				SWIFT_VERSION = 5.0;
				TARGETED_DEVICE_FAMILY = "1,2";
				TEST_HOST = "$(BUILT_PRODUCTS_DIR)/Zuoer_Task.app/$(BUNDLE_EXECUTABLE_FOLDER_PATH)/Zuoer_Task";
			};
			name = Release;
		};
		E6AA3A022FB57F7F0081595F /* Debug */ = {
			isa = XCBuildConfiguration;
			buildSettings = {
				CODE_SIGN_STYLE = Automatic;
				CURRENT_PROJECT_VERSION = 1;
				GENERATE_INFOPLIST_FILE = YES;
				MARKETING_VERSION = 1.0;
				PRODUCT_BUNDLE_IDENTIFIER = "com.Zuoer-TaskUITests";
				PRODUCT_NAME = "$(TARGET_NAME)";
				STRING_CATALOG_GENERATE_SYMBOLS = NO;
				SWIFT_APPROACHABLE_CONCURRENCY = YES;
				SWIFT_EMIT_LOC_STRINGS = NO;
				SWIFT_UPCOMING_FEATURE_MEMBER_IMPORT_VISIBILITY = YES;
				SWIFT_VERSION = 5.0;
				TARGETED_DEVICE_FAMILY = "1,2";
				TEST_TARGET_NAME = Zuoer_Task;
			};
			name = Debug;
		};
		E6AA3A032FB57F7F0081595F /* Release */ = {
			isa = XCBuildConfiguration;
			buildSettings = {
				CODE_SIGN_STYLE = Automatic;
				CURRENT_PROJECT_VERSION = 1;
				GENERATE_INFOPLIST_FILE = YES;
				MARKETING_VERSION = 1.0;
				PRODUCT_BUNDLE_IDENTIFIER = "com.Zuoer-TaskUITests";
				PRODUCT_NAME = "$(TARGET_NAME)";
				STRING_CATALOG_GENERATE_SYMBOLS = NO;
				SWIFT_APPROACHABLE_CONCURRENCY = YES;
				SWIFT_EMIT_LOC_STRINGS = NO;
				SWIFT_UPCOMING_FEATURE_MEMBER_IMPORT_VISIBILITY = YES;
				SWIFT_VERSION = 5.0;
				TARGETED_DEVICE_FAMILY = "1,2";
				TEST_TARGET_NAME = Zuoer_Task;
			};
			name = Release;
		};
/* End XCBuildConfiguration section */

/* Begin XCConfigurationList section */
		E6AA39D52FB57F7E0081595F /* Build configuration list for PBXProject "Zuper_Task" */ = {
			isa = XCConfigurationList;
			buildConfigurations = (
				E6AA39F92FB57F7F0081595F /* Debug */,
				E6AA39FA2FB57F7F0081595F /* Release */,
			);
			defaultConfigurationIsVisible = 0;
			defaultConfigurationName = Release;
		};
		E6AA39FB2FB57F7F0081595F /* Build configuration list for PBXNativeTarget "Zuoer_Task" */ = {
			isa = XCConfigurationList;
			buildConfigurations = (
				E6AA39FC2FB57F7F0081595F /* Debug */,
				E6AA39FD2FB57F7F0081595F /* Release */,
			);
			defaultConfigurationIsVisible = 0;
			defaultConfigurationName = Release;
		};
		E6AA39FE2FB57F7F0081595F /* Build configuration list for PBXNativeTarget "Zuoer_TaskTests" */ = {
			isa = XCConfigurationList;
			buildConfigurations = (
				E6AA39FF2FB57F7F0081595F /* Debug */,
				E6AA3A002FB57F7F0081595F /* Release */,
			);
			defaultConfigurationIsVisible = 0;
			defaultConfigurationName = Release;
		};
		E6AA3A012FB57F7F0081595F /* Build configuration list for PBXNativeTarget "Zuoer_TaskUITests" */ = {
			isa = XCConfigurationList;
			buildConfigurations = (
				E6AA3A022FB57F7F0081595F /* Debug */,
				E6AA3A032FB57F7F0081595F /* Release */,
			);
			defaultConfigurationIsVisible = 0;
			defaultConfigurationName = Release;
		};
/* End XCConfigurationList section */

/* Begin XCRemoteSwiftPackageReference section */
		E6AA3A042FB57FB70081595F /* XCRemoteSwiftPackageReference "ServicesSampleData" */ = {
			isa = XCRemoteSwiftPackageReference;
			repositoryURL = "https://github.com/sabari-zuper/ServicesSampleData.git";
			requirement = {
				kind = upToNextMajorVersion;
				minimumVersion = 1.0.2;
			};
		};
/* End XCRemoteSwiftPackageReference section */

/* Begin XCSwiftPackageProductDependency section */
		E6AA3A052FB57FB70081595F /* ServicesSampleData */ = {
			isa = XCSwiftPackageProductDependency;
			package = E6AA3A042FB57FB70081595F /* XCRemoteSwiftPackageReference "ServicesSampleData" */;
			productName = ServicesSampleData;
		};
/* End XCSwiftPackageProductDependency section */
	};
	rootObject = E6AA39D22FB57F7E0081595F /* Project object */;
}
